PODS:
  - Alamofire (5.7.1)
  - ObjectBox (1.6.0)

DEPENDENCIES:
  - Alamofire (~> 5.7.1)
  - ObjectBox (~> 1.6.0)

SPEC REPOS:
  trunk:
    - Alamofire
    - ObjectBox

SPEC CHECKSUMS:
  Alamofire: 0123a34370cb170936ae79a8df46cc62b2edeb88
  ObjectBox: a181cc5fb47e0a6ec60754d34dc49f40dc17829e

PODFILE CHECKSUM: 22e175d2e3b2314fc3c4a8ba428a4b7b3d1bbe4f

COCOAPODS: 1.12.1
