PODS:
  - Alamofire (5.10.2)
  - ObjectBox (1.6.0)

DEPENDENCIES:
  - Alamofire (~> 5.10.2)
  - ObjectBox (~> 1.6.0)

SPEC REPOS:
  trunk:
    - Alamofire
    - ObjectBox

SPEC CHECKSUMS:
  Alamofire: 7193b3b92c74a07f85569e1a6c4f4237291e7496
  ObjectBox: a181cc5fb47e0a6ec60754d34dc49f40dc17829e

PODFILE CHECKSUM: 6aa51d023265dad43d7726b2f13e2dbcf17cc855

COCOAPODS: 1.16.2
